
Microsoft Visual Studio Solution File, Format Version 12.00
# Visual Studio Version 17
VisualStudioVersion = 17.0.31717.71
MinimumVisualStudioVersion = 10.0.40219.1
Project("{FAE04EC0-301F-11D3-BF4B-00C04F79EFBC}") = "SchoolLib", "SchoolLib\SchoolLib.csproj", "{0FC14950-98B8-46FC-8E8C-A2955DEF32CB}"
EndProject
Global
	GlobalSection(SolutionConfigurationPlatforms) = preSolution
		Debug|Any CPU = Debug|Any CPU
		Release|Any CPU = Release|Any CPU
	EndGlobalSection
	GlobalSection(ProjectConfigurationPlatforms) = postSolution
		{0FC14950-98B8-46FC-8E8C-A2955DEF32CB}.Debug|Any CPU.ActiveCfg = Debug|Any CPU
		{0FC14950-98B8-46FC-8E8C-A2955DEF32CB}.Debug|Any CPU.Build.0 = Debug|Any CPU
		{0FC14950-98B8-46FC-8E8C-A2955DEF32CB}.Release|Any CPU.ActiveCfg = Release|Any CPU
		{0FC14950-98B8-46FC-8E8C-A2955DEF32CB}.Release|Any CPU.Build.0 = Release|Any CPU
	EndGlobalSection
	GlobalSection(SolutionProperties) = preSolution
		HideSolutionNode = FALSE
	EndGlobalSection
	GlobalSection(ExtensibilityGlobals) = postSolution
		SolutionGuid = {0C9A0ECA-6734-48C9-94C6-8CD09D6CB99A}
	EndGlobalSection
EndGlobal
